
Microsoft Visual Studio Solution File, Format Version 12.00
# Visual Studio Version 17
VisualStudioVersion = 17.0.32112.339
MinimumVisualStudioVersion = 10.0.40219.1
Project("{FAE04EC0-301F-11D3-BF4B-00C04F79EFBC}") = "COLLEGE_SYSTEM", "COLLEGE_SYSTEM\COLLEGE_SYSTEM.csproj", "{57D92C9C-E188-45A0-8BA8-2BCD3402F42D}"
EndProject
Global
	GlobalSection(SolutionConfigurationPlatforms) = preSolution
		Debug|Any CPU = Debug|Any CPU
		Release|Any CPU = Release|Any CPU
	EndGlobalSection
	GlobalSection(ProjectConfigurationPlatforms) = postSolution
		{57D92C9C-E188-45A0-8BA8-2BCD3402F42D}.Debug|Any CPU.ActiveCfg = Debug|Any CPU
		{57D92C9C-E188-45A0-8BA8-2BCD3402F42D}.Debug|Any CPU.Build.0 = Debug|Any CPU
		{57D92C9C-E188-45A0-8BA8-2BCD3402F42D}.Release|Any CPU.ActiveCfg = Release|Any CPU
		{57D92C9C-E188-45A0-8BA8-2BCD3402F42D}.Release|Any CPU.Build.0 = Release|Any CPU
	EndGlobalSection
	GlobalSection(SolutionProperties) = preSolution
		HideSolutionNode = FALSE
	EndGlobalSection
	GlobalSection(ExtensibilityGlobals) = postSolution
		SolutionGuid = {F59BCEBC-8786-47C2-93DB-B3CCE65EE39A}
	EndGlobalSection
EndGlobal
